
Microsoft Visual Studio Solution File, Format Version 12.00
# Visual Studio 14
VisualStudioVersion = 14.0.25420.1
MinimumVisualStudioVersion = 10.0.40219.1
Project("{FAE04EC0-301F-11D3-BF4B-00C04F79EFBC}") = "CoreLogic", "CoreLogic\CoreLogic.csproj", "{FC7731D9-C07B-4265-9601-C7E575A1D4C3}"
EndProject
Project("{33AD0EE8-D99B-4E14-8CD9-3F56ABEF97A2}") = "BotFunctions", "BotFunctions\BotFunctions.funproj", "{D43B9B0D-D855-4B38-B7D9-A517C392F3DA}"
	ProjectSection(ProjectDependencies) = postProject
		{FC7731D9-C07B-4265-9601-C7E575A1D4C3} = {FC7731D9-C07B-4265-9601-C7E575A1D4C3}
	EndProjectSection
EndProject
Global
	GlobalSection(SolutionConfigurationPlatforms) = preSolution
		Debug|Any CPU = Debug|Any CPU
		Release|Any CPU = Release|Any CPU
	EndGlobalSection
	GlobalSection(ProjectConfigurationPlatforms) = postSolution
		{FC7731D9-C07B-4265-9601-C7E575A1D4C3}.Debug|Any CPU.ActiveCfg = Debug|Any CPU
		{FC7731D9-C07B-4265-9601-C7E575A1D4C3}.Debug|Any CPU.Build.0 = Debug|Any CPU
		{FC7731D9-C07B-4265-9601-C7E575A1D4C3}.Release|Any CPU.ActiveCfg = Release|Any CPU
		{FC7731D9-C07B-4265-9601-C7E575A1D4C3}.Release|Any CPU.Build.0 = Release|Any CPU
		{D43B9B0D-D855-4B38-B7D9-A517C392F3DA}.Debug|Any CPU.ActiveCfg = Debug|Any CPU
		{D43B9B0D-D855-4B38-B7D9-A517C392F3DA}.Debug|Any CPU.Build.0 = Debug|Any CPU
		{D43B9B0D-D855-4B38-B7D9-A517C392F3DA}.Release|Any CPU.ActiveCfg = Release|Any CPU
		{D43B9B0D-D855-4B38-B7D9-A517C392F3DA}.Release|Any CPU.Build.0 = Release|Any CPU
	EndGlobalSection
	GlobalSection(SolutionProperties) = preSolution
		HideSolutionNode = FALSE
	EndGlobalSection
EndGlobal
